
Microsoft Visual Studio Solution File, Format Version 12.00
Project("{FAE04EC0-301F-11D3-BF4B-00C04F79EFBC}") = "GatewayWebApp", "src\GatewayWebApp\GatewayWebApp.csproj", "{61A2ED98-55CD-4E39-B544-45E1923BC439}"
EndProject
Project("{2150E333-8FDC-42A3-9474-1A3956D46DE8}") = "src", "src", "{31356740-8102-433F-8AF8-CE3F18E267FA}"
EndProject
Project("{FAE04EC0-301F-11D3-BF4B-00C04F79EFBC}") = "JwtIdentity", "src\JwtIdentity\JwtIdentity\JwtIdentity.csproj", "{C5FAA394-E51A-44E2-8C19-EA9C5CA09E4C}"
EndProject
Project("{FAE04EC0-301F-11D3-BF4B-00C04F79EFBC}") = "Infrastructure", "src\Infrastructure\Infrastructure\Infrastructure.csproj", "{D735EDAD-85BE-4EDF-ACD7-C9FBED10ADE9}"
EndProject
Global
	GlobalSection(SolutionConfigurationPlatforms) = preSolution
		Debug|Any CPU = Debug|Any CPU
		Release|Any CPU = Release|Any CPU
	EndGlobalSection
	GlobalSection(ProjectConfigurationPlatforms) = postSolution
		{61A2ED98-55CD-4E39-B544-45E1923BC439}.Debug|Any CPU.ActiveCfg = Debug|Any CPU
		{61A2ED98-55CD-4E39-B544-45E1923BC439}.Debug|Any CPU.Build.0 = Debug|Any CPU
		{61A2ED98-55CD-4E39-B544-45E1923BC439}.Release|Any CPU.ActiveCfg = Release|Any CPU
		{61A2ED98-55CD-4E39-B544-45E1923BC439}.Release|Any CPU.Build.0 = Release|Any CPU
		{C5FAA394-E51A-44E2-8C19-EA9C5CA09E4C}.Debug|Any CPU.ActiveCfg = Debug|Any CPU
		{C5FAA394-E51A-44E2-8C19-EA9C5CA09E4C}.Debug|Any CPU.Build.0 = Debug|Any CPU
		{C5FAA394-E51A-44E2-8C19-EA9C5CA09E4C}.Release|Any CPU.ActiveCfg = Release|Any CPU
		{C5FAA394-E51A-44E2-8C19-EA9C5CA09E4C}.Release|Any CPU.Build.0 = Release|Any CPU
		{D735EDAD-85BE-4EDF-ACD7-C9FBED10ADE9}.Debug|Any CPU.ActiveCfg = Debug|Any CPU
		{D735EDAD-85BE-4EDF-ACD7-C9FBED10ADE9}.Debug|Any CPU.Build.0 = Debug|Any CPU
		{D735EDAD-85BE-4EDF-ACD7-C9FBED10ADE9}.Release|Any CPU.ActiveCfg = Release|Any CPU
		{D735EDAD-85BE-4EDF-ACD7-C9FBED10ADE9}.Release|Any CPU.Build.0 = Release|Any CPU
	EndGlobalSection
	GlobalSection(NestedProjects) = preSolution
		{61A2ED98-55CD-4E39-B544-45E1923BC439} = {31356740-8102-433F-8AF8-CE3F18E267FA}
		{C5FAA394-E51A-44E2-8C19-EA9C5CA09E4C} = {31356740-8102-433F-8AF8-CE3F18E267FA}
		{D735EDAD-85BE-4EDF-ACD7-C9FBED10ADE9} = {31356740-8102-433F-8AF8-CE3F18E267FA}
	EndGlobalSection
EndGlobal
